{
  "name": "@writetome51/get-rounded-up-down",
  "version": "3.0.0",
  "lockfileVersion": 1,
  "requires": true,
  "dependencies": {
    "@writetome51/get-left-of-decimal": {
      "version": "2.0.0",
      "resolved": "https://registry.npmjs.org/@writetome51/get-left-of-decimal/-/get-left-of-decimal-2.0.0.tgz",
      "integrity": "sha512-dGgsOIIQ7ynIXe4dWyPShfebmfxEjaFMD7Mdsodka+OQEvdBrFvtkIDqQttMGo7l0JXz1bs321LdCgorxhuAZw==",
      "requires": {
        "error-if-not-finite-number": "^2.0.0"
      }
    },
    "@writetome51/get-right-of-decimal": {
      "version": "2.0.0",
      "resolved": "https://registry.npmjs.org/@writetome51/get-right-of-decimal/-/get-right-of-decimal-2.0.0.tgz",
      "integrity": "sha512-DZaclhW9n+lvcTmaXfU3I4i+QraS/01fF5Y7tumhwMTe03sPRd+vTk4GJ44NUgzyndQO2XwzS4VbX+ZpFwW+Hg==",
      "requires": {
        "error-if-not-float": "^2.0.0"
      }
    },
    "@writetome51/is-finite-number": {
      "version": "2.0.0",
      "resolved": "https://registry.npmjs.org/@writetome51/is-finite-number/-/is-finite-number-2.0.0.tgz",
      "integrity": "sha512-mVQxcMuSjRZvG2MxM4KFerGLNuhaeoVR7vC6itSnx/DNTENm0YHPNqh4E7FqjMt94pnis/iwhSnSpKouf88CDA=="
    },
    "@writetome51/is-integer-is-float": {
      "version": "2.0.0",
      "resolved": "https://registry.npmjs.org/@writetome51/is-integer-is-float/-/is-integer-is-float-2.0.0.tgz",
      "integrity": "sha512-5SbWU1X1mAqm4expj+/g0+j5oQojH0JTa9uDwALpsZHgZZ2wkRGwqI0pvWLAw1BVCOWhPycC1AMjGCj/ZnfN0g==",
      "requires": {
        "@writetome51/is-finite-number": "^2.0.0"
      }
    },
    "@writetome51/is-odd-is-even": {
      "version": "2.0.0",
      "resolved": "https://registry.npmjs.org/@writetome51/is-odd-is-even/-/is-odd-is-even-2.0.0.tgz",
      "integrity": "sha512-IPTTiVVdPsgzgB0WqaPLbtf5X/uyfegy6tu8maRRPWobC2IYxbRfzJ9mlXlCCrc/1Wka6ZkaV7zJRG7NJ7P4fw==",
      "requires": {
        "error-if-not-integer": "^2.0.0"
      }
    },
    "error-if-not-finite-number": {
      "version": "2.0.0",
      "resolved": "https://registry.npmjs.org/error-if-not-finite-number/-/error-if-not-finite-number-2.0.0.tgz",
      "integrity": "sha512-CBxJ+SqnHf1uVCQ9v8777aEC6UxQ3NNoSjDrOgr3iaT9m7LxUf9vFwKBPONTLfGnWFVCirH6KdHNTI2+4lT8cQ==",
      "requires": {
        "@writetome51/is-finite-number": "^2.0.0"
      }
    },
    "error-if-not-float": {
      "version": "2.0.0",
      "resolved": "https://registry.npmjs.org/error-if-not-float/-/error-if-not-float-2.0.0.tgz",
      "integrity": "sha512-Cbis3CVS0tA3aEm1uTBQl93Sv08yeAqOofEu+SFF9Uu7/Hgn505LM5qpi6QJfQtYLTcmN4DoUCNQBda1uQJwXg==",
      "requires": {
        "@writetome51/is-integer-is-float": "^2.0.0",
        "error-if-not-finite-number": "^2.0.0"
      }
    },
    "error-if-not-integer": {
      "version": "2.0.0",
      "resolved": "https://registry.npmjs.org/error-if-not-integer/-/error-if-not-integer-2.0.0.tgz",
      "integrity": "sha512-jCDTtwK4fZVn0DNJKXYCynF/B+AUG9Ge3snFw4fq2nYzT1c1uTeWvPDXxRT4OKpNjIeOUhxzJmqb4KLwLETjQg==",
      "requires": {
        "@writetome51/is-integer-is-float": "^2.0.0",
        "error-if-not-finite-number": "^2.0.0"
      }
    }
  }
}
